{
   "modules" : {
      "ExtUtils::Install" : {
         "dist" : "ExtUtils-Install-1.54",
         "module" : "ExtUtils::Install",
         "mymeta" : {
            "abstract" : "install files from here to there",
            "author" : [
               "demerphq <yves@cpan.org>"
            ],
            "dynamic_config" : 0,
            "generated_by" : "ExtUtils::MakeMaker version 6.42, CPAN::Meta::Converter version 2.120351",
            "license" : [
               "unknown"
            ],
            "meta-spec" : {
               "url" : "http://search.cpan.org/perldoc?CPAN::Meta::Spec",
               "version" : "2"
            },
            "name" : "ExtUtils-Install",
            "prereqs" : {
               "build" : {
                  "requires" : {
                     "ExtUtils::MakeMaker" : "0"
                  }
               },
               "runtime" : {
                  "requires" : {
                     "Carp" : "0",
                     "Cwd" : "0",
                     "ExtUtils::MakeMaker" : "0",
                     "File::Basename" : "0",
                     "File::Compare" : "0",
                     "File::Copy" : "0",
                     "File::Find" : "0",
                     "File::Path" : "0",
                     "File::Spec" : "0"
                  }
               }
            },
            "release_status" : "stable",
            "version" : "1.54"
         },
         "name" : "ExtUtils::Install",
         "pathname" : "Y/YV/YVES/ExtUtils-Install-1.54.tar.gz",
         "provides" : {
            "ExtUtils::Install" : {
               "file" : "ExtUtils/Install.pm",
               "version" : "1.54"
            },
            "ExtUtils::Install::Warn" : {
               "file" : "ExtUtils/Install.pm"
            },
            "ExtUtils::Installed" : {
               "file" : "ExtUtils/Installed.pm",
               "version" : "1.999_001"
            },
            "ExtUtils::Packlist" : {
               "file" : "ExtUtils/Packlist.pm",
               "version" : "1.43"
            }
         },
         "version" : "1.54"
      },
      "ExtUtils::MakeMaker" : {
         "dist" : "ExtUtils-MakeMaker-6.62",
         "module" : "ExtUtils::MakeMaker",
         "mymeta" : {
            "abstract" : "Create a module Makefile",
            "author" : [
               "Michael G Schwern <schwern@pobox.com>"
            ],
            "dynamic_config" : 0,
            "generated_by" : "ExtUtils::MakeMaker version 6.62, CPAN::Meta::Converter version 2.112150, CPAN::Meta::Converter version 2.120351",
            "license" : [
               "perl_5"
            ],
            "meta-spec" : {
               "url" : "http://search.cpan.org/perldoc?CPAN::Meta::Spec",
               "version" : "2"
            },
            "name" : "ExtUtils-MakeMaker",
            "no_index" : {
               "directory" : [
                  "t",
                  "inc",
                  "bundled",
                  "my"
               ],
               "package" : [
                  "DynaLoader",
                  "in"
               ]
            },
            "prereqs" : {
               "build" : {
                  "requires" : {
                     "Data::Dumper" : "0"
                  }
               },
               "configure" : {
                  "requires" : {}
               },
               "runtime" : {
                  "requires" : {
                     "DirHandle" : "0",
                     "File::Basename" : "0",
                     "File::Spec" : "0.8",
                     "Pod::Man" : "0",
                     "perl" : "5.006"
                  }
               }
            },
            "release_status" : "stable",
            "resources" : {
               "bugtracker" : {
                  "web" : "http://rt.cpan.org/NoAuth/Bugs.html?Dist=ExtUtils-MakeMaker"
               },
               "homepage" : "http://makemaker.org",
               "license" : [
                  "http://dev.perl.org/licenses/"
               ],
               "repository" : {
                  "url" : "http://github.com/Perl-Toolchain-Gang/ExtUtils-MakeMaker"
               },
               "x_MailingList" : "makemaker@perl.org"
            },
            "version" : "6.62"
         },
         "name" : "ExtUtils::MakeMaker",
         "pathname" : "M/MS/MSCHWERN/ExtUtils-MakeMaker-6.62.tar.gz",
         "provides" : {
            "DynaLoader" : {
               "file" : "ExtUtils/Mkbootstrap.pm"
            },
            "ExtUtils::Command" : {
               "file" : "ExtUtils/Command.pm",
               "version" : "1.16"
            },
            "ExtUtils::Command::MM" : {
               "file" : "ExtUtils/Command/MM.pm",
               "version" : "6.62"
            },
            "ExtUtils::Install" : {
               "file" : "ExtUtils/Install.pm",
               "version" : "1.52"
            },
            "ExtUtils::Install::Warn" : {
               "file" : "ExtUtils/Install.pm"
            },
            "ExtUtils::Installed" : {
               "file" : "ExtUtils/Installed.pm",
               "version" : "1.43"
            },
            "ExtUtils::Liblist" : {
               "file" : "ExtUtils/Liblist.pm",
               "version" : "6.62"
            },
            "ExtUtils::Liblist::Kid" : {
               "file" : "ExtUtils/Liblist/Kid.pm",
               "version" : "6.62"
            },
            "ExtUtils::MM" : {
               "file" : "ExtUtils/MM.pm",
               "version" : "6.62"
            },
            "ExtUtils::MM_AIX" : {
               "file" : "ExtUtils/MM_AIX.pm",
               "version" : "6.62"
            },
            "ExtUtils::MM_Any" : {
               "file" : "ExtUtils/MM_Any.pm",
               "version" : "6.62"
            },
            "ExtUtils::MM_BeOS" : {
               "file" : "ExtUtils/MM_BeOS.pm",
               "version" : "6.62"
            },
            "ExtUtils::MM_Cygwin" : {
               "file" : "ExtUtils/MM_Cygwin.pm",
               "version" : "6.62"
            },
            "ExtUtils::MM_DOS" : {
               "file" : "ExtUtils/MM_DOS.pm",
               "version" : "6.62"
            },
            "ExtUtils::MM_Darwin" : {
               "file" : "ExtUtils/MM_Darwin.pm",
               "version" : "6.62"
            },
            "ExtUtils::MM_MacOS" : {
               "file" : "ExtUtils/MM_MacOS.pm",
               "version" : "6.62"
            },
            "ExtUtils::MM_NW5" : {
               "file" : "ExtUtils/MM_NW5.pm",
               "version" : "6.62"
            },
            "ExtUtils::MM_OS2" : {
               "file" : "ExtUtils/MM_OS2.pm",
               "version" : "6.62"
            },
            "ExtUtils::MM_QNX" : {
               "file" : "ExtUtils/MM_QNX.pm",
               "version" : "6.62"
            },
            "ExtUtils::MM_UWIN" : {
               "file" : "ExtUtils/MM_UWIN.pm",
               "version" : "6.62"
            },
            "ExtUtils::MM_Unix" : {
               "file" : "ExtUtils/MM_Unix.pm",
               "version" : "6.62"
            },
            "ExtUtils::MM_VMS" : {
               "file" : "ExtUtils/MM_VMS.pm",
               "version" : "6.62"
            },
            "ExtUtils::MM_VOS" : {
               "file" : "ExtUtils/MM_VOS.pm",
               "version" : "6.62"
            },
            "ExtUtils::MM_Win32" : {
               "file" : "ExtUtils/MM_Win32.pm",
               "version" : "6.62"
            },
            "ExtUtils::MM_Win95" : {
               "file" : "ExtUtils/MM_Win95.pm",
               "version" : "6.62"
            },
            "ExtUtils::MY" : {
               "file" : "ExtUtils/MY.pm",
               "version" : "6.62"
            },
            "ExtUtils::MakeMaker" : {
               "file" : "ExtUtils/MakeMaker.pm",
               "version" : "6.62"
            },
            "ExtUtils::MakeMaker::Config" : {
               "file" : "ExtUtils/MakeMaker/Config.pm",
               "version" : "6.62"
            },
            "ExtUtils::Manifest" : {
               "file" : "ExtUtils/Manifest.pm",
               "version" : "1.58"
            },
            "ExtUtils::Mkbootstrap" : {
               "file" : "ExtUtils/Mkbootstrap.pm",
               "version" : "6.62"
            },
            "ExtUtils::Mksymlists" : {
               "file" : "ExtUtils/Mksymlists.pm",
               "version" : "6.62"
            },
            "ExtUtils::Packlist" : {
               "file" : "ExtUtils/Packlist.pm",
               "version" : "1.43"
            },
            "ExtUtils::testlib" : {
               "file" : "ExtUtils/testlib.pm",
               "version" : "6.62"
            },
            "File::Copy::Recursive" : {
               "file" : "File/Copy/Recursive.pm",
               "version" : "0.38"
            },
            "File::Temp" : {
               "file" : "File/Temp.pm",
               "version" : "0.22"
            },
            "File::Temp::Dir" : {
               "file" : "File/Temp.pm"
            },
            "JSON::PP::Compat5006" : {
               "file" : "JSON/PP/Compat5006.pm",
               "version" : "1.09"
            },
            "MM" : {
               "file" : "ExtUtils/MM.pm"
            },
            "MY" : {
               "file" : "ExtUtils/MY.pm"
            },
            "Version::Requirements" : {
               "file" : "Version/Requirements.pm",
               "version" : "0.101020"
            }
         },
         "version" : "6.62"
      },
      "Regexp::Assemble" : {
         "dist" : "Regexp-Assemble-0.35",
         "module" : "Regexp::Assemble",
         "mymeta" : {
            "abstract" : "Assemble multiple Regular Expressions into a single RE",
            "author" : [
               "David Landgren"
            ],
            "dynamic_config" : 0,
            "generated_by" : "ExtUtils::MakeMaker version 6.57_05, CPAN::Meta::Converter version 2.120351",
            "license" : [
               "perl_5"
            ],
            "meta-spec" : {
               "url" : "http://search.cpan.org/perldoc?CPAN::Meta::Spec",
               "version" : "2"
            },
            "name" : "Regexp-Assemble",
            "no_index" : {
               "directory" : [
                  "t",
                  "inc"
               ]
            },
            "prereqs" : {
               "build" : {
                  "requires" : {
                     "ExtUtils::MakeMaker" : "0"
                  }
               },
               "configure" : {
                  "requires" : {
                     "ExtUtils::MakeMaker" : "0"
                  }
               },
               "runtime" : {
                  "requires" : {}
               }
            },
            "release_status" : "stable",
            "version" : "0.35"
         },
         "name" : "Regexp::Assemble",
         "pathname" : "D/DL/DLAND/Regexp-Assemble-0.35.tar.gz",
         "provides" : {
            "Regexp::Assemble" : {
               "file" : "Regexp/Assemble.pm",
               "version" : "0.35"
            }
         },
         "version" : "0.35"
      }
   },
   "version" : "0.9"
}
